<Solution>
  <Project Path="LoanManagementSystem.Api/LoanManagementSystem.Api.csproj" />
  <Project Path="LoanManagementSystem.Application/LoanManagementSystem.Application.csproj" />
  <Project Path="LoanManagementSystem.Domain/LoanManagementSystem.Domain.csproj" />
  <Project Path="LoanManagementSystem.Infrastructure/LoanManagementSystem.Infrastructure.csproj" />
</Solution>
